
Microsoft Visual Studio Solution File, Format Version 12.00
# Visual Studio Version 17
VisualStudioVersion = 17.10.35013.160
MinimumVisualStudioVersion = 10.0.40219.1
Project("{FAE04EC0-301F-11D3-BF4B-00C04F79EFBC}") = "MarthaCSharp", "MarthaCSharp\MarthaCSharp.csproj", "{72436B5C-1168-45B3-A8C1-200A6F8DF21C}"
EndProject
Global
	GlobalSection(SolutionConfigurationPlatforms) = preSolution
		Debug|Any CPU = Debug|Any CPU
		Release|Any CPU = Release|Any CPU
	EndGlobalSection
	GlobalSection(ProjectConfigurationPlatforms) = postSolution
		{72436B5C-1168-45B3-A8C1-200A6F8DF21C}.Debug|Any CPU.ActiveCfg = Debug|Any CPU
		{72436B5C-1168-45B3-A8C1-200A6F8DF21C}.Debug|Any CPU.Build.0 = Debug|Any CPU
		{72436B5C-1168-45B3-A8C1-200A6F8DF21C}.Release|Any CPU.ActiveCfg = Release|Any CPU
		{72436B5C-1168-45B3-A8C1-200A6F8DF21C}.Release|Any CPU.Build.0 = Release|Any CPU
	EndGlobalSection
	GlobalSection(SolutionProperties) = preSolution
		HideSolutionNode = FALSE
	EndGlobalSection
	GlobalSection(ExtensibilityGlobals) = postSolution
		SolutionGuid = {F20534C3-5196-44F3-A22B-F552805C5A0F}
	EndGlobalSection
EndGlobal
